
Microsoft Visual Studio Solution File, Format Version 12.00
# Visual Studio Version 16
VisualStudioVersion = 16.0.32428.217
MinimumVisualStudioVersion = 10.0.40219.1
Project("{8BC9CEB8-8B4A-11D0-8D11-00A0C91BC942}") = "S0-TIMEPROJECT", "S0-TIMEPROJECT\TIMEPROJECT.vcxproj", "{87C9F7EA-2436-4E80-AEDC-EBDECA3FAEF1}"
EndProject
Project("{8BC9CEB8-8B4A-11D0-8D11-00A0C91BC942}") = "S1-WINAPI", "S1-WINAPI\WinApi.vcxproj", "{E47DD688-0D0B-494F-ACFA-3BE1D8DBF9D4}"
EndProject
Project("{8BC9CEB8-8B4A-11D0-8D11-00A0C91BC942}") = "S2-USEGDI", "S2-USEGDI\UseGdi.vcxproj", "{78663051-F9D6-4775-8563-FB97F5471D8A}"
EndProject
Project("{8BC9CEB8-8B4A-11D0-8D11-00A0C91BC942}") = "S3-TEXTOUTPUT", "S3-TEXTOUTPUT\THREE-TEXTOUTPUT.vcxproj", "{4629D89A-7CFC-4E53-B846-9E2E79F73C72}"
EndProject
Project("{8BC9CEB8-8B4A-11D0-8D11-00A0C91BC942}") = "S4-BITMADRAW", "S4-BITMADRAW\S4-BITMADRAW.vcxproj", "{221D25F0-0922-4DD3-BDC0-7140A10693E4}"
EndProject
Project("{8BC9CEB8-8B4A-11D0-8D11-00A0C91BC942}") = "S5-TIMERANIMATION", "S5-TIMERANIMATION\S5-TIMERANIMATION.vcxproj", "{F37ABA0D-8B60-40F3-933A-26F8D5797306}"
EndProject
Project("{8BC9CEB8-8B4A-11D0-8D11-00A0C91BC942}") = "S6-GAMECYCLE", "S6-GAMECYCLE\S6-GAMECYCLE.vcxproj", "{818E7483-4F5B-4526-96DB-F5BDA0168241}"
EndProject
Project("{8BC9CEB8-8B4A-11D0-8D11-00A0C91BC942}") = "S7-SNOW", "S7-SNOW\S7-SNOW.vcxproj", "{FCAAB6AB-8BA3-48C1-9A40-E2873BDE9B8A}"
EndProject
Project("{8BC9CEB8-8B4A-11D0-8D11-00A0C91BC942}") = "D1-DIRECT3D", "D1-DIRECT3D\D1-DIRECT3D.vcxproj", "{690D7EF3-9C95-4E8E-A86F-842E70E0A604}"
EndProject
Global
	GlobalSection(SolutionConfigurationPlatforms) = preSolution
		Debug|x64 = Debug|x64
		Debug|x86 = Debug|x86
		Release|x64 = Release|x64
		Release|x86 = Release|x86
	EndGlobalSection
	GlobalSection(ProjectConfigurationPlatforms) = postSolution
		{87C9F7EA-2436-4E80-AEDC-EBDECA3FAEF1}.Debug|x64.ActiveCfg = Debug|x64
		{87C9F7EA-2436-4E80-AEDC-EBDECA3FAEF1}.Debug|x64.Build.0 = Debug|x64
		{87C9F7EA-2436-4E80-AEDC-EBDECA3FAEF1}.Debug|x86.ActiveCfg = Debug|Win32
		{87C9F7EA-2436-4E80-AEDC-EBDECA3FAEF1}.Debug|x86.Build.0 = Debug|Win32
		{87C9F7EA-2436-4E80-AEDC-EBDECA3FAEF1}.Release|x64.ActiveCfg = Release|x64
		{87C9F7EA-2436-4E80-AEDC-EBDECA3FAEF1}.Release|x64.Build.0 = Release|x64
		{87C9F7EA-2436-4E80-AEDC-EBDECA3FAEF1}.Release|x86.ActiveCfg = Release|Win32
		{87C9F7EA-2436-4E80-AEDC-EBDECA3FAEF1}.Release|x86.Build.0 = Release|Win32
		{E47DD688-0D0B-494F-ACFA-3BE1D8DBF9D4}.Debug|x64.ActiveCfg = Debug|x64
		{E47DD688-0D0B-494F-ACFA-3BE1D8DBF9D4}.Debug|x64.Build.0 = Debug|x64
		{E47DD688-0D0B-494F-ACFA-3BE1D8DBF9D4}.Debug|x86.ActiveCfg = Debug|Win32
		{E47DD688-0D0B-494F-ACFA-3BE1D8DBF9D4}.Debug|x86.Build.0 = Debug|Win32
		{E47DD688-0D0B-494F-ACFA-3BE1D8DBF9D4}.Release|x64.ActiveCfg = Release|x64
		{E47DD688-0D0B-494F-ACFA-3BE1D8DBF9D4}.Release|x64.Build.0 = Release|x64
		{E47DD688-0D0B-494F-ACFA-3BE1D8DBF9D4}.Release|x86.ActiveCfg = Release|Win32
		{E47DD688-0D0B-494F-ACFA-3BE1D8DBF9D4}.Release|x86.Build.0 = Release|Win32
		{78663051-F9D6-4775-8563-FB97F5471D8A}.Debug|x64.ActiveCfg = Debug|x64
		{78663051-F9D6-4775-8563-FB97F5471D8A}.Debug|x64.Build.0 = Debug|x64
		{78663051-F9D6-4775-8563-FB97F5471D8A}.Debug|x86.ActiveCfg = Debug|Win32
		{78663051-F9D6-4775-8563-FB97F5471D8A}.Debug|x86.Build.0 = Debug|Win32
		{78663051-F9D6-4775-8563-FB97F5471D8A}.Release|x64.ActiveCfg = Release|x64
		{78663051-F9D6-4775-8563-FB97F5471D8A}.Release|x64.Build.0 = Release|x64
		{78663051-F9D6-4775-8563-FB97F5471D8A}.Release|x86.ActiveCfg = Release|Win32
		{78663051-F9D6-4775-8563-FB97F5471D8A}.Release|x86.Build.0 = Release|Win32
		{4629D89A-7CFC-4E53-B846-9E2E79F73C72}.Debug|x64.ActiveCfg = Debug|x64
		{4629D89A-7CFC-4E53-B846-9E2E79F73C72}.Debug|x64.Build.0 = Debug|x64
		{4629D89A-7CFC-4E53-B846-9E2E79F73C72}.Debug|x86.ActiveCfg = Debug|Win32
		{4629D89A-7CFC-4E53-B846-9E2E79F73C72}.Debug|x86.Build.0 = Debug|Win32
		{4629D89A-7CFC-4E53-B846-9E2E79F73C72}.Release|x64.ActiveCfg = Release|x64
		{4629D89A-7CFC-4E53-B846-9E2E79F73C72}.Release|x64.Build.0 = Release|x64
		{4629D89A-7CFC-4E53-B846-9E2E79F73C72}.Release|x86.ActiveCfg = Release|Win32
		{4629D89A-7CFC-4E53-B846-9E2E79F73C72}.Release|x86.Build.0 = Release|Win32
		{221D25F0-0922-4DD3-BDC0-7140A10693E4}.Debug|x64.ActiveCfg = Debug|x64
		{221D25F0-0922-4DD3-BDC0-7140A10693E4}.Debug|x64.Build.0 = Debug|x64
		{221D25F0-0922-4DD3-BDC0-7140A10693E4}.Debug|x86.ActiveCfg = Debug|Win32
		{221D25F0-0922-4DD3-BDC0-7140A10693E4}.Debug|x86.Build.0 = Debug|Win32
		{221D25F0-0922-4DD3-BDC0-7140A10693E4}.Release|x64.ActiveCfg = Release|x64
		{221D25F0-0922-4DD3-BDC0-7140A10693E4}.Release|x64.Build.0 = Release|x64
		{221D25F0-0922-4DD3-BDC0-7140A10693E4}.Release|x86.ActiveCfg = Release|Win32
		{221D25F0-0922-4DD3-BDC0-7140A10693E4}.Release|x86.Build.0 = Release|Win32
		{F37ABA0D-8B60-40F3-933A-26F8D5797306}.Debug|x64.ActiveCfg = Debug|x64
		{F37ABA0D-8B60-40F3-933A-26F8D5797306}.Debug|x64.Build.0 = Debug|x64
		{F37ABA0D-8B60-40F3-933A-26F8D5797306}.Debug|x86.ActiveCfg = Debug|Win32
		{F37ABA0D-8B60-40F3-933A-26F8D5797306}.Debug|x86.Build.0 = Debug|Win32
		{F37ABA0D-8B60-40F3-933A-26F8D5797306}.Release|x64.ActiveCfg = Release|x64
		{F37ABA0D-8B60-40F3-933A-26F8D5797306}.Release|x64.Build.0 = Release|x64
		{F37ABA0D-8B60-40F3-933A-26F8D5797306}.Release|x86.ActiveCfg = Release|Win32
		{F37ABA0D-8B60-40F3-933A-26F8D5797306}.Release|x86.Build.0 = Release|Win32
		{818E7483-4F5B-4526-96DB-F5BDA0168241}.Debug|x64.ActiveCfg = Debug|x64
		{818E7483-4F5B-4526-96DB-F5BDA0168241}.Debug|x64.Build.0 = Debug|x64
		{818E7483-4F5B-4526-96DB-F5BDA0168241}.Debug|x86.ActiveCfg = Debug|Win32
		{818E7483-4F5B-4526-96DB-F5BDA0168241}.Debug|x86.Build.0 = Debug|Win32
		{818E7483-4F5B-4526-96DB-F5BDA0168241}.Release|x64.ActiveCfg = Release|x64
		{818E7483-4F5B-4526-96DB-F5BDA0168241}.Release|x64.Build.0 = Release|x64
		{818E7483-4F5B-4526-96DB-F5BDA0168241}.Release|x86.ActiveCfg = Release|Win32
		{818E7483-4F5B-4526-96DB-F5BDA0168241}.Release|x86.Build.0 = Release|Win32
		{FCAAB6AB-8BA3-48C1-9A40-E2873BDE9B8A}.Debug|x64.ActiveCfg = Debug|x64
		{FCAAB6AB-8BA3-48C1-9A40-E2873BDE9B8A}.Debug|x64.Build.0 = Debug|x64
		{FCAAB6AB-8BA3-48C1-9A40-E2873BDE9B8A}.Debug|x86.ActiveCfg = Debug|Win32
		{FCAAB6AB-8BA3-48C1-9A40-E2873BDE9B8A}.Debug|x86.Build.0 = Debug|Win32
		{FCAAB6AB-8BA3-48C1-9A40-E2873BDE9B8A}.Release|x64.ActiveCfg = Release|x64
		{FCAAB6AB-8BA3-48C1-9A40-E2873BDE9B8A}.Release|x64.Build.0 = Release|x64
		{FCAAB6AB-8BA3-48C1-9A40-E2873BDE9B8A}.Release|x86.ActiveCfg = Release|Win32
		{FCAAB6AB-8BA3-48C1-9A40-E2873BDE9B8A}.Release|x86.Build.0 = Release|Win32
		{690D7EF3-9C95-4E8E-A86F-842E70E0A604}.Debug|x64.ActiveCfg = Debug|x64
		{690D7EF3-9C95-4E8E-A86F-842E70E0A604}.Debug|x64.Build.0 = Debug|x64
		{690D7EF3-9C95-4E8E-A86F-842E70E0A604}.Debug|x86.ActiveCfg = Debug|Win32
		{690D7EF3-9C95-4E8E-A86F-842E70E0A604}.Debug|x86.Build.0 = Debug|Win32
		{690D7EF3-9C95-4E8E-A86F-842E70E0A604}.Release|x64.ActiveCfg = Release|x64
		{690D7EF3-9C95-4E8E-A86F-842E70E0A604}.Release|x64.Build.0 = Release|x64
		{690D7EF3-9C95-4E8E-A86F-842E70E0A604}.Release|x86.ActiveCfg = Release|Win32
		{690D7EF3-9C95-4E8E-A86F-842E70E0A604}.Release|x86.Build.0 = Release|Win32
	EndGlobalSection
	GlobalSection(SolutionProperties) = preSolution
		HideSolutionNode = FALSE
	EndGlobalSection
	GlobalSection(ExtensibilityGlobals) = postSolution
		SolutionGuid = {BD0F7D47-3F85-4B37-9470-25518699D717}
	EndGlobalSection
EndGlobal
